
Microsoft Visual Studio Solution File, Format Version 12.00
# Visual Studio Version 17
VisualStudioVersion = 17.14.36616.10
MinimumVisualStudioVersion = 10.0.40219.1
Project("{FAE04EC0-301F-11D3-BF4B-00C04F79EFBC}") = "TaskManager.Domain", "TaskManager.Domain\TaskManager.Domain.csproj", "{A22DAC3A-4ADC-4943-9817-C3475E77E53B}"
EndProject
Project("{FAE04EC0-301F-11D3-BF4B-00C04F79EFBC}") = "TaskManager.Application", "TaskManager.Application\TaskManager.Application.csproj", "{FA24A0AB-53E3-4019-AC41-34AE7F4DF59C}"
EndProject
Project("{FAE04EC0-301F-11D3-BF4B-00C04F79EFBC}") = "TaskManager.Infrastructure", "TaskManager.Infrastructure\TaskManager.Infrastructure.csproj", "{0B580CFE-7243-4F8B-BADE-F4B16CA3BBBB}"
EndProject
Project("{FAE04EC0-301F-11D3-BF4B-00C04F79EFBC}") = "TaskManager.WebAPI", "TaskManager.WebAPI\TaskManager.WebAPI.csproj", "{C4C5481B-134D-4715-904E-4041898AD924}"
EndProject
Project("{FAE04EC0-301F-11D3-BF4B-00C04F79EFBC}") = "TaskManager.Tests", "TaskManager.Tests\TaskManager.Tests.csproj", "{137C80EF-52AD-40F4-8212-99944748D0D8}"
EndProject
Global
	GlobalSection(SolutionConfigurationPlatforms) = preSolution
		Debug|Any CPU = Debug|Any CPU
		Debug|x64 = Debug|x64
		Debug|x86 = Debug|x86
		Release|Any CPU = Release|Any CPU
		Release|x64 = Release|x64
		Release|x86 = Release|x86
	EndGlobalSection
	GlobalSection(ProjectConfigurationPlatforms) = postSolution
		{A22DAC3A-4ADC-4943-9817-C3475E77E53B}.Debug|Any CPU.ActiveCfg = Debug|Any CPU
		{A22DAC3A-4ADC-4943-9817-C3475E77E53B}.Debug|Any CPU.Build.0 = Debug|Any CPU
		{A22DAC3A-4ADC-4943-9817-C3475E77E53B}.Debug|x64.ActiveCfg = Debug|Any CPU
		{A22DAC3A-4ADC-4943-9817-C3475E77E53B}.Debug|x64.Build.0 = Debug|Any CPU
		{A22DAC3A-4ADC-4943-9817-C3475E77E53B}.Debug|x86.ActiveCfg = Debug|Any CPU
		{A22DAC3A-4ADC-4943-9817-C3475E77E53B}.Debug|x86.Build.0 = Debug|Any CPU
		{A22DAC3A-4ADC-4943-9817-C3475E77E53B}.Release|Any CPU.ActiveCfg = Release|Any CPU
		{A22DAC3A-4ADC-4943-9817-C3475E77E53B}.Release|Any CPU.Build.0 = Release|Any CPU
		{A22DAC3A-4ADC-4943-9817-C3475E77E53B}.Release|x64.ActiveCfg = Release|Any CPU
		{A22DAC3A-4ADC-4943-9817-C3475E77E53B}.Release|x64.Build.0 = Release|Any CPU
		{A22DAC3A-4ADC-4943-9817-C3475E77E53B}.Release|x86.ActiveCfg = Release|Any CPU
		{A22DAC3A-4ADC-4943-9817-C3475E77E53B}.Release|x86.Build.0 = Release|Any CPU
		{FA24A0AB-53E3-4019-AC41-34AE7F4DF59C}.Debug|Any CPU.ActiveCfg = Debug|Any CPU
		{FA24A0AB-53E3-4019-AC41-34AE7F4DF59C}.Debug|Any CPU.Build.0 = Debug|Any CPU
		{FA24A0AB-53E3-4019-AC41-34AE7F4DF59C}.Debug|x64.ActiveCfg = Debug|Any CPU
		{FA24A0AB-53E3-4019-AC41-34AE7F4DF59C}.Debug|x64.Build.0 = Debug|Any CPU
		{FA24A0AB-53E3-4019-AC41-34AE7F4DF59C}.Debug|x86.ActiveCfg = Debug|Any CPU
		{FA24A0AB-53E3-4019-AC41-34AE7F4DF59C}.Debug|x86.Build.0 = Debug|Any CPU
		{FA24A0AB-53E3-4019-AC41-34AE7F4DF59C}.Release|Any CPU.ActiveCfg = Release|Any CPU
		{FA24A0AB-53E3-4019-AC41-34AE7F4DF59C}.Release|Any CPU.Build.0 = Release|Any CPU
		{FA24A0AB-53E3-4019-AC41-34AE7F4DF59C}.Release|x64.ActiveCfg = Release|Any CPU
		{FA24A0AB-53E3-4019-AC41-34AE7F4DF59C}.Release|x64.Build.0 = Release|Any CPU
		{FA24A0AB-53E3-4019-AC41-34AE7F4DF59C}.Release|x86.ActiveCfg = Release|Any CPU
		{FA24A0AB-53E3-4019-AC41-34AE7F4DF59C}.Release|x86.Build.0 = Release|Any CPU
		{0B580CFE-7243-4F8B-BADE-F4B16CA3BBBB}.Debug|Any CPU.ActiveCfg = Debug|Any CPU
		{0B580CFE-7243-4F8B-BADE-F4B16CA3BBBB}.Debug|Any CPU.Build.0 = Debug|Any CPU
		{0B580CFE-7243-4F8B-BADE-F4B16CA3BBBB}.Debug|x64.ActiveCfg = Debug|Any CPU
		{0B580CFE-7243-4F8B-BADE-F4B16CA3BBBB}.Debug|x64.Build.0 = Debug|Any CPU
		{0B580CFE-7243-4F8B-BADE-F4B16CA3BBBB}.Debug|x86.ActiveCfg = Debug|Any CPU
		{0B580CFE-7243-4F8B-BADE-F4B16CA3BBBB}.Debug|x86.Build.0 = Debug|Any CPU
		{0B580CFE-7243-4F8B-BADE-F4B16CA3BBBB}.Release|Any CPU.ActiveCfg = Release|Any CPU
		{0B580CFE-7243-4F8B-BADE-F4B16CA3BBBB}.Release|Any CPU.Build.0 = Release|Any CPU
		{0B580CFE-7243-4F8B-BADE-F4B16CA3BBBB}.Release|x64.ActiveCfg = Release|Any CPU
		{0B580CFE-7243-4F8B-BADE-F4B16CA3BBBB}.Release|x64.Build.0 = Release|Any CPU
		{0B580CFE-7243-4F8B-BADE-F4B16CA3BBBB}.Release|x86.ActiveCfg = Release|Any CPU
		{0B580CFE-7243-4F8B-BADE-F4B16CA3BBBB}.Release|x86.Build.0 = Release|Any CPU
		{C4C5481B-134D-4715-904E-4041898AD924}.Debug|Any CPU.ActiveCfg = Debug|Any CPU
		{C4C5481B-134D-4715-904E-4041898AD924}.Debug|Any CPU.Build.0 = Debug|Any CPU
		{C4C5481B-134D-4715-904E-4041898AD924}.Debug|x64.ActiveCfg = Debug|Any CPU
		{C4C5481B-134D-4715-904E-4041898AD924}.Debug|x64.Build.0 = Debug|Any CPU
		{C4C5481B-134D-4715-904E-4041898AD924}.Debug|x86.ActiveCfg = Debug|Any CPU
		{C4C5481B-134D-4715-904E-4041898AD924}.Debug|x86.Build.0 = Debug|Any CPU
		{C4C5481B-134D-4715-904E-4041898AD924}.Release|Any CPU.ActiveCfg = Release|Any CPU
		{C4C5481B-134D-4715-904E-4041898AD924}.Release|Any CPU.Build.0 = Release|Any CPU
		{C4C5481B-134D-4715-904E-4041898AD924}.Release|x64.ActiveCfg = Release|Any CPU
		{C4C5481B-134D-4715-904E-4041898AD924}.Release|x64.Build.0 = Release|Any CPU
		{C4C5481B-134D-4715-904E-4041898AD924}.Release|x86.ActiveCfg = Release|Any CPU
		{C4C5481B-134D-4715-904E-4041898AD924}.Release|x86.Build.0 = Release|Any CPU
		{137C80EF-52AD-40F4-8212-99944748D0D8}.Debug|Any CPU.ActiveCfg = Debug|Any CPU
		{137C80EF-52AD-40F4-8212-99944748D0D8}.Debug|Any CPU.Build.0 = Debug|Any CPU
		{137C80EF-52AD-40F4-8212-99944748D0D8}.Debug|x64.ActiveCfg = Debug|Any CPU
		{137C80EF-52AD-40F4-8212-99944748D0D8}.Debug|x64.Build.0 = Debug|Any CPU
		{137C80EF-52AD-40F4-8212-99944748D0D8}.Debug|x86.ActiveCfg = Debug|Any CPU
		{137C80EF-52AD-40F4-8212-99944748D0D8}.Debug|x86.Build.0 = Debug|Any CPU
		{137C80EF-52AD-40F4-8212-99944748D0D8}.Release|Any CPU.ActiveCfg = Release|Any CPU
		{137C80EF-52AD-40F4-8212-99944748D0D8}.Release|Any CPU.Build.0 = Release|Any CPU
		{137C80EF-52AD-40F4-8212-99944748D0D8}.Release|x64.ActiveCfg = Release|Any CPU
		{137C80EF-52AD-40F4-8212-99944748D0D8}.Release|x64.Build.0 = Release|Any CPU
		{137C80EF-52AD-40F4-8212-99944748D0D8}.Release|x86.ActiveCfg = Release|Any CPU
		{137C80EF-52AD-40F4-8212-99944748D0D8}.Release|x86.Build.0 = Release|Any CPU
	EndGlobalSection
	GlobalSection(SolutionProperties) = preSolution
		HideSolutionNode = FALSE
	EndGlobalSection
	GlobalSection(ExtensibilityGlobals) = postSolution
		SolutionGuid = {9794B5C2-F9F5-41F7-BBBE-F4B554BF3223}
	EndGlobalSection
EndGlobal
